
Microsoft Visual Studio Solution File, Format Version 12.00
# Visual Studio 15
VisualStudioVersion = 15.0.28010.2046
MinimumVisualStudioVersion = 10.0.40219.1
Project("{FAE04EC0-301F-11D3-BF4B-00C04F79EFBC}") = "InversionOfControlContainer", "InversionOfControlContainer\InversionOfControlContainer.csproj", "{9F078FAC-8C22-42A3-AC40-739EA7908E79}"
EndProject
Project("{FAE04EC0-301F-11D3-BF4B-00C04F79EFBC}") = "InversionOfControl.Tests", "InversionOfControl.Tests\InversionOfControl.Tests.csproj", "{E5A7641F-35AF-48E3-9EFD-882DCA2E1754}"
EndProject
Global
	GlobalSection(SolutionConfigurationPlatforms) = preSolution
		Debug|Any CPU = Debug|Any CPU
		Release|Any CPU = Release|Any CPU
	EndGlobalSection
	GlobalSection(ProjectConfigurationPlatforms) = postSolution
		{9F078FAC-8C22-42A3-AC40-739EA7908E79}.Debug|Any CPU.ActiveCfg = Debug|Any CPU
		{9F078FAC-8C22-42A3-AC40-739EA7908E79}.Debug|Any CPU.Build.0 = Debug|Any CPU
		{9F078FAC-8C22-42A3-AC40-739EA7908E79}.Release|Any CPU.ActiveCfg = Release|Any CPU
		{9F078FAC-8C22-42A3-AC40-739EA7908E79}.Release|Any CPU.Build.0 = Release|Any CPU
		{E5A7641F-35AF-48E3-9EFD-882DCA2E1754}.Debug|Any CPU.ActiveCfg = Debug|Any CPU
		{E5A7641F-35AF-48E3-9EFD-882DCA2E1754}.Debug|Any CPU.Build.0 = Debug|Any CPU
		{E5A7641F-35AF-48E3-9EFD-882DCA2E1754}.Release|Any CPU.ActiveCfg = Release|Any CPU
		{E5A7641F-35AF-48E3-9EFD-882DCA2E1754}.Release|Any CPU.Build.0 = Release|Any CPU
	EndGlobalSection
	GlobalSection(SolutionProperties) = preSolution
		HideSolutionNode = FALSE
	EndGlobalSection
	GlobalSection(ExtensibilityGlobals) = postSolution
		SolutionGuid = {3205B9D5-7FF3-4FD1-A7A3-0A0AE85C3A83}
	EndGlobalSection
EndGlobal
